// !$*UTF8*$!
{
	archiveVersion = 1;
	classes = {
	};
	objectVersion = 50;
	objects = {

/* Begin PBXBuildFile section */
		4EC8F20F21F7A91900A4BD3E /* AppDelegate.swift in Sources */ = {isa = PBXBuildFile; fileRef = 4EC8F20E21F7A91900A4BD3E /* AppDelegate.swift */; };
		4EC8F21121F7A91900A4BD3E /* RecordVC.swift in Sources */ = {isa = PBXBuildFile; fileRef = 4EC8F21021F7A91900A4BD3E /* RecordVC.swift */; };
		4EC8F21421F7A91900A4BD3E /* Main.storyboard in Resources */ = {isa = PBXBuildFile; fileRef = 4EC8F21221F7A91900A4BD3E /* Main.storyboard */; };
		4EC8F21621F7A91D00A4BD3E /* Assets.xcassets in Resources */ = {isa = PBXBuildFile; fileRef = 4EC8F21521F7A91D00A4BD3E /* Assets.xcassets */; };
		4EC8F21921F7A91D00A4BD3E /* LaunchScreen.storyboard in Resources */ = {isa = PBXBuildFile; fileRef = 4EC8F21721F7A91D00A4BD3E /* LaunchScreen.storyboard */; };
		4EC8F22421F7A91E00A4BD3E /* RecordAndSpeekTests.swift in Sources */ = {isa = PBXBuildFile; fileRef = 4EC8F22321F7A91E00A4BD3E /* RecordAndSpeekTests.swift */; };
		4EC8F22F21F7A91E00A4BD3E /* RecordAndSpeekUITests.swift in Sources */ = {isa = PBXBuildFile; fileRef = 4EC8F22E21F7A91E00A4BD3E /* RecordAndSpeekUITests.swift */; };
		4EC8F23D21F7AD1000A4BD3E /* Alert.swift in Sources */ = {isa = PBXBuildFile; fileRef = 4EC8F23C21F7AD1000A4BD3E /* Alert.swift */; };
/* End PBXBuildFile section */

/* Begin PBXContainerItemProxy section */
		4EC8F22021F7A91E00A4BD3E /* PBXContainerItemProxy */ = {
			isa = PBXContainerItemProxy;
			containerPortal = 4EC8F20321F7A91900A4BD3E /* Project object */;
			proxyType = 1;
			remoteGlobalIDString = 4EC8F20A21F7A91900A4BD3E;
			remoteInfo = RecordAndSpeek;
		};
		4EC8F22B21F7A91E00A4BD3E /* PBXContainerItemProxy */ = {
			isa = PBXContainerItemProxy;
			containerPortal = 4EC8F20321F7A91900A4BD3E /* Project object */;
			proxyType = 1;
			remoteGlobalIDString = 4EC8F20A21F7A91900A4BD3E;
			remoteInfo = RecordAndSpeek;
		};
/* End PBXContainerItemProxy section */

/* Begin PBXFileReference section */
		4EC8F20B21F7A91900A4BD3E /* RecordAndSpeek.app */ = {isa = PBXFileReference; explicitFileType = wrapper.application; includeInIndex = 0; path = RecordAndSpeek.app; sourceTree = BUILT_PRODUCTS_DIR; };
		4EC8F20E21F7A91900A4BD3E /* AppDelegate.swift */ = {isa = PBXFileReference; lastKnownFileType = sourcecode.swift; path = AppDelegate.swift; sourceTree = "<group>"; };
		4EC8F21021F7A91900A4BD3E /* RecordVC.swift */ = {isa = PBXFileReference; lastKnownFileType = sourcecode.swift; path = RecordVC.swift; sourceTree = "<group>"; };
		4EC8F21321F7A91900A4BD3E /* Base */ = {isa = PBXFileReference; lastKnownFileType = file.storyboard; name = Base; path = Base.lproj/Main.storyboard; sourceTree = "<group>"; };
		4EC8F21521F7A91D00A4BD3E /* Assets.xcassets */ = {isa = PBXFileReference; lastKnownFileType = folder.assetcatalog; path = Assets.xcassets; sourceTree = "<group>"; };
		4EC8F21821F7A91D00A4BD3E /* Base */ = {isa = PBXFileReference; lastKnownFileType = file.storyboard; name = Base; path = Base.lproj/LaunchScreen.storyboard; sourceTree = "<group>"; };
		4EC8F21A21F7A91D00A4BD3E /* Info.plist */ = {isa = PBXFileReference; lastKnownFileType = text.plist.xml; path = Info.plist; sourceTree = "<group>"; };
		4EC8F21F21F7A91E00A4BD3E /* RecordAndSpeekTests.xctest */ = {isa = PBXFileReference; explicitFileType = wrapper.cfbundle; includeInIndex = 0; path = RecordAndSpeekTests.xctest; sourceTree = BUILT_PRODUCTS_DIR; };
		4EC8F22321F7A91E00A4BD3E /* RecordAndSpeekTests.swift */ = {isa = PBXFileReference; lastKnownFileType = sourcecode.swift; path = RecordAndSpeekTests.swift; sourceTree = "<group>"; };
		4EC8F22521F7A91E00A4BD3E /* Info.plist */ = {isa = PBXFileReference; lastKnownFileType = text.plist.xml; path = Info.plist; sourceTree = "<group>"; };
		4EC8F22A21F7A91E00A4BD3E /* RecordAndSpeekUITests.xctest */ = {isa = PBXFileReference; explicitFileType = wrapper.cfbundle; includeInIndex = 0; path = RecordAndSpeekUITests.xctest; sourceTree = BUILT_PRODUCTS_DIR; };
		4EC8F22E21F7A91E00A4BD3E /* RecordAndSpeekUITests.swift */ = {isa = PBXFileReference; lastKnownFileType = sourcecode.swift; path = RecordAndSpeekUITests.swift; sourceTree = "<group>"; };
		4EC8F23021F7A91E00A4BD3E /* Info.plist */ = {isa = PBXFileReference; lastKnownFileType = text.plist.xml; path = Info.plist; sourceTree = "<group>"; };
		4EC8F23C21F7AD1000A4BD3E /* Alert.swift */ = {isa = PBXFileReference; lastKnownFileType = sourcecode.swift; path = Alert.swift; sourceTree = "<group>"; };
/* End PBXFileReference section */

/* Begin PBXFrameworksBuildPhase section */
		4EC8F20821F7A91900A4BD3E /* Frameworks */ = {
			isa = PBXFrameworksBuildPhase;
			buildActionMask = 2147483647;
			files = (
			);
			runOnlyForDeploymentPostprocessing = 0;
		};
		4EC8F21C21F7A91E00A4BD3E /* Frameworks */ = {
			isa = PBXFrameworksBuildPhase;
			buildActionMask = 2147483647;
			files = (
			);
			runOnlyForDeploymentPostprocessing = 0;
		};
		4EC8F22721F7A91E00A4BD3E /* Frameworks */ = {
			isa = PBXFrameworksBuildPhase;
			buildActionMask = 2147483647;
			files = (
			);
			runOnlyForDeploymentPostprocessing = 0;
		};
/* End PBXFrameworksBuildPhase section */

/* Begin PBXGroup section */
		4EC8F20221F7A91900A4BD3E = {
			isa = PBXGroup;
			children = (
				4EC8F20D21F7A91900A4BD3E /* RecordAndSpeek */,
				4EC8F22221F7A91E00A4BD3E /* RecordAndSpeekTests */,
				4EC8F22D21F7A91E00A4BD3E /* RecordAndSpeekUITests */,
				4EC8F20C21F7A91900A4BD3E /* Products */,
			);
			sourceTree = "<group>";
		};
		4EC8F20C21F7A91900A4BD3E /* Products */ = {
			isa = PBXGroup;
			children = (
				4EC8F20B21F7A91900A4BD3E /* RecordAndSpeek.app */,
				4EC8F21F21F7A91E00A4BD3E /* RecordAndSpeekTests.xctest */,
				4EC8F22A21F7A91E00A4BD3E /* RecordAndSpeekUITests.xctest */,
			);
			name = Products;
			sourceTree = "<group>";
		};
		4EC8F20D21F7A91900A4BD3E /* RecordAndSpeek */ = {
			isa = PBXGroup;
			children = (
				4EC8F23F21F7B09800A4BD3E /* SupportFiles */,
				4EC8F24021F7B0A100A4BD3E /* Storyboard */,
				4EC8F23E21F7B07E00A4BD3E /* Controller */,
				4EC8F24221F7B0B500A4BD3E /* Assets */,
				4EC8F24121F7B0AB00A4BD3E /* Services */,
			);
			path = RecordAndSpeek;
			sourceTree = "<group>";
		};
		4EC8F22221F7A91E00A4BD3E /* RecordAndSpeekTests */ = {
			isa = PBXGroup;
			children = (
				4EC8F22321F7A91E00A4BD3E /* RecordAndSpeekTests.swift */,
				4EC8F22521F7A91E00A4BD3E /* Info.plist */,
			);
			path = RecordAndSpeekTests;
			sourceTree = "<group>";
		};
		4EC8F22D21F7A91E00A4BD3E /* RecordAndSpeekUITests */ = {
			isa = PBXGroup;
			children = (
				4EC8F22E21F7A91E00A4BD3E /* RecordAndSpeekUITests.swift */,
				4EC8F23021F7A91E00A4BD3E /* Info.plist */,
			);
			path = RecordAndSpeekUITests;
			sourceTree = "<group>";
		};
		4EC8F23E21F7B07E00A4BD3E /* Controller */ = {
			isa = PBXGroup;
			children = (
				4EC8F21021F7A91900A4BD3E /* RecordVC.swift */,
			);
			name = Controller;
			sourceTree = "<group>";
		};
		4EC8F23F21F7B09800A4BD3E /* SupportFiles */ = {
			isa = PBXGroup;
			children = (
				4EC8F20E21F7A91900A4BD3E /* AppDelegate.swift */,
				4EC8F21A21F7A91D00A4BD3E /* Info.plist */,
			);
			name = SupportFiles;
			sourceTree = "<group>";
		};
		4EC8F24021F7B0A100A4BD3E /* Storyboard */ = {
			isa = PBXGroup;
			children = (
				4EC8F21221F7A91900A4BD3E /* Main.storyboard */,
				4EC8F21721F7A91D00A4BD3E /* LaunchScreen.storyboard */,
			);
			name = Storyboard;
			sourceTree = "<group>";
		};
		4EC8F24121F7B0AB00A4BD3E /* Services */ = {
			isa = PBXGroup;
			children = (
				4EC8F23C21F7AD1000A4BD3E /* Alert.swift */,
			);
			name = Services;
			sourceTree = "<group>";
		};
		4EC8F24221F7B0B500A4BD3E /* Assets */ = {
			isa = PBXGroup;
			children = (
				4EC8F21521F7A91D00A4BD3E /* Assets.xcassets */,
			);
			name = Assets;
			sourceTree = "<group>";
		};
/* End PBXGroup section */

/* Begin PBXNativeTarget section */
		4EC8F20A21F7A91900A4BD3E /* RecordAndSpeek */ = {
			isa = PBXNativeTarget;
			buildConfigurationList = 4EC8F23321F7A91E00A4BD3E /* Build configuration list for PBXNativeTarget "RecordAndSpeek" */;
			buildPhases = (
				4EC8F20721F7A91900A4BD3E /* Sources */,
				4EC8F20821F7A91900A4BD3E /* Frameworks */,
				4EC8F20921F7A91900A4BD3E /* Resources */,
			);
			buildRules = (
			);
			dependencies = (
			);
			name = RecordAndSpeek;
			productName = RecordAndSpeek;
			productReference = 4EC8F20B21F7A91900A4BD3E /* RecordAndSpeek.app */;
			productType = "com.apple.product-type.application";
		};
		4EC8F21E21F7A91E00A4BD3E /* RecordAndSpeekTests */ = {
			isa = PBXNativeTarget;
			buildConfigurationList = 4EC8F23621F7A91E00A4BD3E /* Build configuration list for PBXNativeTarget "RecordAndSpeekTests" */;
			buildPhases = (
				4EC8F21B21F7A91E00A4BD3E /* Sources */,
				4EC8F21C21F7A91E00A4BD3E /* Frameworks */,
				4EC8F21D21F7A91E00A4BD3E /* Resources */,
			);
			buildRules = (
			);
			dependencies = (
				4EC8F22121F7A91E00A4BD3E /* PBXTargetDependency */,
			);
			name = RecordAndSpeekTests;
			productName = RecordAndSpeekTests;
			productReference = 4EC8F21F21F7A91E00A4BD3E /* RecordAndSpeekTests.xctest */;
			productType = "com.apple.product-type.bundle.unit-test";
		};
		4EC8F22921F7A91E00A4BD3E /* RecordAndSpeekUITests */ = {
			isa = PBXNativeTarget;
			buildConfigurationList = 4EC8F23921F7A91E00A4BD3E /* Build configuration list for PBXNativeTarget "RecordAndSpeekUITests" */;
			buildPhases = (
				4EC8F22621F7A91E00A4BD3E /* Sources */,
				4EC8F22721F7A91E00A4BD3E /* Frameworks */,
				4EC8F22821F7A91E00A4BD3E /* Resources */,
			);
			buildRules = (
			);
			dependencies = (
				4EC8F22C21F7A91E00A4BD3E /* PBXTargetDependency */,
			);
			name = RecordAndSpeekUITests;
			productName = RecordAndSpeekUITests;
			productReference = 4EC8F22A21F7A91E00A4BD3E /* RecordAndSpeekUITests.xctest */;
			productType = "com.apple.product-type.bundle.ui-testing";
		};
/* End PBXNativeTarget section */

/* Begin PBXProject section */
		4EC8F20321F7A91900A4BD3E /* Project object */ = {
			isa = PBXProject;
			attributes = {
				LastSwiftUpdateCheck = 1010;
				LastUpgradeCheck = 1010;
				ORGANIZATIONNAME = LSolutions;
				TargetAttributes = {
					4EC8F20A21F7A91900A4BD3E = {
						CreatedOnToolsVersion = 10.1;
					};
					4EC8F21E21F7A91E00A4BD3E = {
						CreatedOnToolsVersion = 10.1;
						TestTargetID = 4EC8F20A21F7A91900A4BD3E;
					};
					4EC8F22921F7A91E00A4BD3E = {
						CreatedOnToolsVersion = 10.1;
						TestTargetID = 4EC8F20A21F7A91900A4BD3E;
					};
				};
			};
			buildConfigurationList = 4EC8F20621F7A91900A4BD3E /* Build configuration list for PBXProject "RecordAndSpeek" */;
			compatibilityVersion = "Xcode 9.3";
			developmentRegion = en;
			hasScannedForEncodings = 0;
			knownRegions = (
				en,
				Base,
			);
			mainGroup = 4EC8F20221F7A91900A4BD3E;
			productRefGroup = 4EC8F20C21F7A91900A4BD3E /* Products */;
			projectDirPath = "";
			projectRoot = "";
			targets = (
				4EC8F20A21F7A91900A4BD3E /* RecordAndSpeek */,
				4EC8F21E21F7A91E00A4BD3E /* RecordAndSpeekTests */,
				4EC8F22921F7A91E00A4BD3E /* RecordAndSpeekUITests */,
			);
		};
/* End PBXProject section */

/* Begin PBXResourcesBuildPhase section */
		4EC8F20921F7A91900A4BD3E /* Resources */ = {
			isa = PBXResourcesBuildPhase;
			buildActionMask = 2147483647;
			files = (
				4EC8F21921F7A91D00A4BD3E /* LaunchScreen.storyboard in Resources */,
				4EC8F21621F7A91D00A4BD3E /* Assets.xcassets in Resources */,
				4EC8F21421F7A91900A4BD3E /* Main.storyboard in Resources */,
			);
			runOnlyForDeploymentPostprocessing = 0;
		};
		4EC8F21D21F7A91E00A4BD3E /* Resources */ = {
			isa = PBXResourcesBuildPhase;
			buildActionMask = 2147483647;
			files = (
			);
			runOnlyForDeploymentPostprocessing = 0;
		};
		4EC8F22821F7A91E00A4BD3E /* Resources */ = {
			isa = PBXResourcesBuildPhase;
			buildActionMask = 2147483647;
			files = (
			);
			runOnlyForDeploymentPostprocessing = 0;
		};
/* End PBXResourcesBuildPhase section */

/* Begin PBXSourcesBuildPhase section */
		4EC8F20721F7A91900A4BD3E /* Sources */ = {
			isa = PBXSourcesBuildPhase;
			buildActionMask = 2147483647;
			files = (
				4EC8F23D21F7AD1000A4BD3E /* Alert.swift in Sources */,
				4EC8F21121F7A91900A4BD3E /* RecordVC.swift in Sources */,
				4EC8F20F21F7A91900A4BD3E /* AppDelegate.swift in Sources */,
			);
			runOnlyForDeploymentPostprocessing = 0;
		};
		4EC8F21B21F7A91E00A4BD3E /* Sources */ = {
			isa = PBXSourcesBuildPhase;
			buildActionMask = 2147483647;
			files = (
				4EC8F22421F7A91E00A4BD3E /* RecordAndSpeekTests.swift in Sources */,
			);
			runOnlyForDeploymentPostprocessing = 0;
		};
		4EC8F22621F7A91E00A4BD3E /* Sources */ = {
			isa = PBXSourcesBuildPhase;
			buildActionMask = 2147483647;
			files = (
				4EC8F22F21F7A91E00A4BD3E /* RecordAndSpeekUITests.swift in Sources */,
			);
			runOnlyForDeploymentPostprocessing = 0;
		};
/* End PBXSourcesBuildPhase section */

/* Begin PBXTargetDependency section */
		4EC8F22121F7A91E00A4BD3E /* PBXTargetDependency */ = {
			isa = PBXTargetDependency;
			target = 4EC8F20A21F7A91900A4BD3E /* RecordAndSpeek */;
			targetProxy = 4EC8F22021F7A91E00A4BD3E /* PBXContainerItemProxy */;
		};
		4EC8F22C21F7A91E00A4BD3E /* PBXTargetDependency */ = {
			isa = PBXTargetDependency;
			target = 4EC8F20A21F7A91900A4BD3E /* RecordAndSpeek */;
			targetProxy = 4EC8F22B21F7A91E00A4BD3E /* PBXContainerItemProxy */;
		};
/* End PBXTargetDependency section */

/* Begin PBXVariantGroup section */
		4EC8F21221F7A91900A4BD3E /* Main.storyboard */ = {
			isa = PBXVariantGroup;
			children = (
				4EC8F21321F7A91900A4BD3E /* Base */,
			);
			name = Main.storyboard;
			sourceTree = "<group>";
		};
		4EC8F21721F7A91D00A4BD3E /* LaunchScreen.storyboard */ = {
			isa = PBXVariantGroup;
			children = (
				4EC8F21821F7A91D00A4BD3E /* Base */,
			);
			name = LaunchScreen.storyboard;
			sourceTree = "<group>";
		};
/* End PBXVariantGroup section */

/* Begin XCBuildConfiguration section */
		4EC8F23121F7A91E00A4BD3E /* Debug */ = {
			isa = XCBuildConfiguration;
			buildSettings = {
				ALWAYS_SEARCH_USER_PATHS = NO;
				CLANG_ANALYZER_NONNULL = YES;
				CLANG_ANALYZER_NUMBER_OBJECT_CONVERSION = YES_AGGRESSIVE;
				CLANG_CXX_LANGUAGE_STANDARD = "gnu++14";
				CLANG_CXX_LIBRARY = "libc++";
				CLANG_ENABLE_MODULES = YES;
				CLANG_ENABLE_OBJC_ARC = YES;
				CLANG_ENABLE_OBJC_WEAK = YES;
				CLANG_WARN_BLOCK_CAPTURE_AUTORELEASING = YES;
				CLANG_WARN_BOOL_CONVERSION = YES;
				CLANG_WARN_COMMA = YES;
				CLANG_WARN_CONSTANT_CONVERSION = YES;
				CLANG_WARN_DEPRECATED_OBJC_IMPLEMENTATIONS = YES;
				CLANG_WARN_DIRECT_OBJC_ISA_USAGE = YES_ERROR;
				CLANG_WARN_DOCUMENTATION_COMMENTS = YES;
				CLANG_WARN_EMPTY_BODY = YES;
				CLANG_WARN_ENUM_CONVERSION = YES;
				CLANG_WARN_INFINITE_RECURSION = YES;
				CLANG_WARN_INT_CONVERSION = YES;
				CLANG_WARN_NON_LITERAL_NULL_CONVERSION = YES;
				CLANG_WARN_OBJC_IMPLICIT_RETAIN_SELF = YES;
				CLANG_WARN_OBJC_LITERAL_CONVERSION = YES;
				CLANG_WARN_OBJC_ROOT_CLASS = YES_ERROR;
				CLANG_WARN_RANGE_LOOP_ANALYSIS = YES;
				CLANG_WARN_STRICT_PROTOTYPES = YES;
				CLANG_WARN_SUSPICIOUS_MOVE = YES;
				CLANG_WARN_UNGUARDED_AVAILABILITY = YES_AGGRESSIVE;
				CLANG_WARN_UNREACHABLE_CODE = YES;
				CLANG_WARN__DUPLICATE_METHOD_MATCH = YES;
				CODE_SIGN_IDENTITY = "iPhone Developer";
				COPY_PHASE_STRIP = NO;
				DEBUG_INFORMATION_FORMAT = dwarf;
				ENABLE_STRICT_OBJC_MSGSEND = YES;
				ENABLE_TESTABILITY = YES;
				GCC_C_LANGUAGE_STANDARD = gnu11;
				GCC_DYNAMIC_NO_PIC = NO;
				GCC_NO_COMMON_BLOCKS = YES;
				GCC_OPTIMIZATION_LEVEL = 0;
				GCC_PREPROCESSOR_DEFINITIONS = (
					"DEBUG=1",
					"$(inherited)",
				);
				GCC_WARN_64_TO_32_BIT_CONVERSION = YES;
				GCC_WARN_ABOUT_RETURN_TYPE = YES_ERROR;
				GCC_WARN_UNDECLARED_SELECTOR = YES;
				GCC_WARN_UNINITIALIZED_AUTOS = YES_AGGRESSIVE;
				GCC_WARN_UNUSED_FUNCTION = YES;
				GCC_WARN_UNUSED_VARIABLE = YES;
				IPHONEOS_DEPLOYMENT_TARGET = 12.1;
				MTL_ENABLE_DEBUG_INFO = INCLUDE_SOURCE;
				MTL_FAST_MATH = YES;
				ONLY_ACTIVE_ARCH = YES;
				SDKROOT = iphoneos;
				SWIFT_ACTIVE_COMPILATION_CONDITIONS = DEBUG;
				SWIFT_OPTIMIZATION_LEVEL = "-Onone";
			};
			name = Debug;
		};
		4EC8F23221F7A91E00A4BD3E /* Release */ = {
			isa = XCBuildConfiguration;
			buildSettings = {
				ALWAYS_SEARCH_USER_PATHS = NO;
				CLANG_ANALYZER_NONNULL = YES;
				CLANG_ANALYZER_NUMBER_OBJECT_CONVERSION = YES_AGGRESSIVE;
				CLANG_CXX_LANGUAGE_STANDARD = "gnu++14";
				CLANG_CXX_LIBRARY = "libc++";
				CLANG_ENABLE_MODULES = YES;
				CLANG_ENABLE_OBJC_ARC = YES;
				CLANG_ENABLE_OBJC_WEAK = YES;
				CLANG_WARN_BLOCK_CAPTURE_AUTORELEASING = YES;
				CLANG_WARN_BOOL_CONVERSION = YES;
				CLANG_WARN_COMMA = YES;
				CLANG_WARN_CONSTANT_CONVERSION = YES;
				CLANG_WARN_DEPRECATED_OBJC_IMPLEMENTATIONS = YES;
				CLANG_WARN_DIRECT_OBJC_ISA_USAGE = YES_ERROR;
				CLANG_WARN_DOCUMENTATION_COMMENTS = YES;
				CLANG_WARN_EMPTY_BODY = YES;
				CLANG_WARN_ENUM_CONVERSION = YES;
				CLANG_WARN_INFINITE_RECURSION = YES;
				CLANG_WARN_INT_CONVERSION = YES;
				CLANG_WARN_NON_LITERAL_NULL_CONVERSION = YES;
				CLANG_WARN_OBJC_IMPLICIT_RETAIN_SELF = YES;
				CLANG_WARN_OBJC_LITERAL_CONVERSION = YES;
				CLANG_WARN_OBJC_ROOT_CLASS = YES_ERROR;
				CLANG_WARN_RANGE_LOOP_ANALYSIS = YES;
				CLANG_WARN_STRICT_PROTOTYPES = YES;
				CLANG_WARN_SUSPICIOUS_MOVE = YES;
				CLANG_WARN_UNGUARDED_AVAILABILITY = YES_AGGRESSIVE;
				CLANG_WARN_UNREACHABLE_CODE = YES;
				CLANG_WARN__DUPLICATE_METHOD_MATCH = YES;
				CODE_SIGN_IDENTITY = "iPhone Developer";
				COPY_PHASE_STRIP = NO;
				DEBUG_INFORMATION_FORMAT = "dwarf-with-dsym";
				ENABLE_NS_ASSERTIONS = NO;
				ENABLE_STRICT_OBJC_MSGSEND = YES;
				GCC_C_LANGUAGE_STANDARD = gnu11;
				GCC_NO_COMMON_BLOCKS = YES;
				GCC_WARN_64_TO_32_BIT_CONVERSION = YES;
				GCC_WARN_ABOUT_RETURN_TYPE = YES_ERROR;
				GCC_WARN_UNDECLARED_SELECTOR = YES;
				GCC_WARN_UNINITIALIZED_AUTOS = YES_AGGRESSIVE;
				GCC_WARN_UNUSED_FUNCTION = YES;
				GCC_WARN_UNUSED_VARIABLE = YES;
				IPHONEOS_DEPLOYMENT_TARGET = 12.1;
				MTL_ENABLE_DEBUG_INFO = NO;
				MTL_FAST_MATH = YES;
				SDKROOT = iphoneos;
				SWIFT_COMPILATION_MODE = wholemodule;
				SWIFT_OPTIMIZATION_LEVEL = "-O";
				VALIDATE_PRODUCT = YES;
			};
			name = Release;
		};
		4EC8F23421F7A91E00A4BD3E /* Debug */ = {
			isa = XCBuildConfiguration;
			buildSettings = {
				ASSETCATALOG_COMPILER_APPICON_NAME = AppIcon;
				CODE_SIGN_STYLE = Automatic;
				DEVELOPMENT_TEAM = YMJ3466P6S;
				INFOPLIST_FILE = RecordAndSpeek/Info.plist;
				LD_RUNPATH_SEARCH_PATHS = (
					"$(inherited)",
					"@executable_path/Frameworks",
				);
				PRODUCT_BUNDLE_IDENTIFIER = br.com.LSolutions.RecordAndSpeek;
				PRODUCT_NAME = "$(TARGET_NAME)";
				SWIFT_VERSION = 4.2;
				TARGETED_DEVICE_FAMILY = "1,2";
			};
			name = Debug;
		};
		4EC8F23521F7A91E00A4BD3E /* Release */ = {
			isa = XCBuildConfiguration;
			buildSettings = {
				ASSETCATALOG_COMPILER_APPICON_NAME = AppIcon;
				CODE_SIGN_STYLE = Automatic;
				DEVELOPMENT_TEAM = YMJ3466P6S;
				INFOPLIST_FILE = RecordAndSpeek/Info.plist;
				LD_RUNPATH_SEARCH_PATHS = (
					"$(inherited)",
					"@executable_path/Frameworks",
				);
				PRODUCT_BUNDLE_IDENTIFIER = br.com.LSolutions.RecordAndSpeek;
				PRODUCT_NAME = "$(TARGET_NAME)";
				SWIFT_VERSION = 4.2;
				TARGETED_DEVICE_FAMILY = "1,2";
			};
			name = Release;
		};
		4EC8F23721F7A91E00A4BD3E /* Debug */ = {
			isa = XCBuildConfiguration;
			buildSettings = {
				ALWAYS_EMBED_SWIFT_STANDARD_LIBRARIES = YES;
				BUNDLE_LOADER = "$(TEST_HOST)";
				CODE_SIGN_STYLE = Automatic;
				DEVELOPMENT_TEAM = YMJ3466P6S;
				INFOPLIST_FILE = RecordAndSpeekTests/Info.plist;
				LD_RUNPATH_SEARCH_PATHS = (
					"$(inherited)",
					"@executable_path/Frameworks",
					"@loader_path/Frameworks",
				);
				PRODUCT_BUNDLE_IDENTIFIER = br.com.LSolutions.RecordAndSpeekTests;
				PRODUCT_NAME = "$(TARGET_NAME)";
				SWIFT_VERSION = 4.2;
				TARGETED_DEVICE_FAMILY = "1,2";
				TEST_HOST = "$(BUILT_PRODUCTS_DIR)/RecordAndSpeek.app/RecordAndSpeek";
			};
			name = Debug;
		};
		4EC8F23821F7A91E00A4BD3E /* Release */ = {
			isa = XCBuildConfiguration;
			buildSettings = {
				ALWAYS_EMBED_SWIFT_STANDARD_LIBRARIES = YES;
				BUNDLE_LOADER = "$(TEST_HOST)";
				CODE_SIGN_STYLE = Automatic;
				DEVELOPMENT_TEAM = YMJ3466P6S;
				INFOPLIST_FILE = RecordAndSpeekTests/Info.plist;
				LD_RUNPATH_SEARCH_PATHS = (
					"$(inherited)",
					"@executable_path/Frameworks",
					"@loader_path/Frameworks",
				);
				PRODUCT_BUNDLE_IDENTIFIER = br.com.LSolutions.RecordAndSpeekTests;
				PRODUCT_NAME = "$(TARGET_NAME)";
				SWIFT_VERSION = 4.2;
				TARGETED_DEVICE_FAMILY = "1,2";
				TEST_HOST = "$(BUILT_PRODUCTS_DIR)/RecordAndSpeek.app/RecordAndSpeek";
			};
			name = Release;
		};
		4EC8F23A21F7A91E00A4BD3E /* Debug */ = {
			isa = XCBuildConfiguration;
			buildSettings = {
				ALWAYS_EMBED_SWIFT_STANDARD_LIBRARIES = YES;
				CODE_SIGN_STYLE = Automatic;
				DEVELOPMENT_TEAM = YMJ3466P6S;
				INFOPLIST_FILE = RecordAndSpeekUITests/Info.plist;
				LD_RUNPATH_SEARCH_PATHS = (
					"$(inherited)",
					"@executable_path/Frameworks",
					"@loader_path/Frameworks",
				);
				PRODUCT_BUNDLE_IDENTIFIER = br.com.LSolutions.RecordAndSpeekUITests;
				PRODUCT_NAME = "$(TARGET_NAME)";
				SWIFT_VERSION = 4.2;
				TARGETED_DEVICE_FAMILY = "1,2";
				TEST_TARGET_NAME = RecordAndSpeek;
			};
			name = Debug;
		};
		4EC8F23B21F7A91E00A4BD3E /* Release */ = {
			isa = XCBuildConfiguration;
			buildSettings = {
				ALWAYS_EMBED_SWIFT_STANDARD_LIBRARIES = YES;
				CODE_SIGN_STYLE = Automatic;
				DEVELOPMENT_TEAM = YMJ3466P6S;
				INFOPLIST_FILE = RecordAndSpeekUITests/Info.plist;
				LD_RUNPATH_SEARCH_PATHS = (
					"$(inherited)",
					"@executable_path/Frameworks",
					"@loader_path/Frameworks",
				);
				PRODUCT_BUNDLE_IDENTIFIER = br.com.LSolutions.RecordAndSpeekUITests;
				PRODUCT_NAME = "$(TARGET_NAME)";
				SWIFT_VERSION = 4.2;
				TARGETED_DEVICE_FAMILY = "1,2";
				TEST_TARGET_NAME = RecordAndSpeek;
			};
			name = Release;
		};
/* End XCBuildConfiguration section */

/* Begin XCConfigurationList section */
		4EC8F20621F7A91900A4BD3E /* Build configuration list for PBXProject "RecordAndSpeek" */ = {
			isa = XCConfigurationList;
			buildConfigurations = (
				4EC8F23121F7A91E00A4BD3E /* Debug */,
				4EC8F23221F7A91E00A4BD3E /* Release */,
			);
			defaultConfigurationIsVisible = 0;
			defaultConfigurationName = Release;
		};
		4EC8F23321F7A91E00A4BD3E /* Build configuration list for PBXNativeTarget "RecordAndSpeek" */ = {
			isa = XCConfigurationList;
			buildConfigurations = (
				4EC8F23421F7A91E00A4BD3E /* Debug */,
				4EC8F23521F7A91E00A4BD3E /* Release */,
			);
			defaultConfigurationIsVisible = 0;
			defaultConfigurationName = Release;
		};
		4EC8F23621F7A91E00A4BD3E /* Build configuration list for PBXNativeTarget "RecordAndSpeekTests" */ = {
			isa = XCConfigurationList;
			buildConfigurations = (
				4EC8F23721F7A91E00A4BD3E /* Debug */,
				4EC8F23821F7A91E00A4BD3E /* Release */,
			);
			defaultConfigurationIsVisible = 0;
			defaultConfigurationName = Release;
		};
		4EC8F23921F7A91E00A4BD3E /* Build configuration list for PBXNativeTarget "RecordAndSpeekUITests" */ = {
			isa = XCConfigurationList;
			buildConfigurations = (
				4EC8F23A21F7A91E00A4BD3E /* Debug */,
				4EC8F23B21F7A91E00A4BD3E /* Release */,
			);
			defaultConfigurationIsVisible = 0;
			defaultConfigurationName = Release;
		};
/* End XCConfigurationList section */
	};
	rootObject = 4EC8F20321F7A91900A4BD3E /* Project object */;
}
